
Microsoft Visual Studio Solution File, Format Version 12.00
# Visual Studio Version 16
VisualStudioVersion = 16.0.31729.503
MinimumVisualStudioVersion = 10.0.40219.1
Project("{F184B08F-C81C-45F6-A57F-5ABD9991F28F}") = "CStringManipulation", "CStringManipulation\CStringManipulation.vbproj", "{2A227E3C-A20B-43B5-8A12-BB1EDED2FE81}"
EndProject
Global
	GlobalSection(SolutionConfigurationPlatforms) = preSolution
		Debug|Any CPU = Debug|Any CPU
		Release|Any CPU = Release|Any CPU
	EndGlobalSection
	GlobalSection(ProjectConfigurationPlatforms) = postSolution
		{2A227E3C-A20B-43B5-8A12-BB1EDED2FE81}.Debug|Any CPU.ActiveCfg = Debug|Any CPU
		{2A227E3C-A20B-43B5-8A12-BB1EDED2FE81}.Debug|Any CPU.Build.0 = Debug|Any CPU
		{2A227E3C-A20B-43B5-8A12-BB1EDED2FE81}.Release|Any CPU.ActiveCfg = Release|Any CPU
		{2A227E3C-A20B-43B5-8A12-BB1EDED2FE81}.Release|Any CPU.Build.0 = Release|Any CPU
	EndGlobalSection
	GlobalSection(SolutionProperties) = preSolution
		HideSolutionNode = FALSE
	EndGlobalSection
	GlobalSection(ExtensibilityGlobals) = postSolution
		SolutionGuid = {086445DB-13A1-4281-AF23-FCC800FAA4CE}
	EndGlobalSection
EndGlobal
