
Microsoft Visual Studio Solution File, Format Version 12.00
# Visual Studio Version 16
VisualStudioVersion = 16.0.31911.196
MinimumVisualStudioVersion = 10.0.40219.1
Project("{F184B08F-C81C-45F6-A57F-5ABD9991F28F}") = "CManagementSystem", "CManagementSystem\CManagementSystem.vbproj", "{75C73639-52B5-49E4-AF1A-668C9397E398}"
EndProject
Global
	GlobalSection(SolutionConfigurationPlatforms) = preSolution
		Debug|Any CPU = Debug|Any CPU
		Release|Any CPU = Release|Any CPU
	EndGlobalSection
	GlobalSection(ProjectConfigurationPlatforms) = postSolution
		{75C73639-52B5-49E4-AF1A-668C9397E398}.Debug|Any CPU.ActiveCfg = Debug|Any CPU
		{75C73639-52B5-49E4-AF1A-668C9397E398}.Debug|Any CPU.Build.0 = Debug|Any CPU
		{75C73639-52B5-49E4-AF1A-668C9397E398}.Release|Any CPU.ActiveCfg = Release|Any CPU
		{75C73639-52B5-49E4-AF1A-668C9397E398}.Release|Any CPU.Build.0 = Release|Any CPU
	EndGlobalSection
	GlobalSection(SolutionProperties) = preSolution
		HideSolutionNode = FALSE
	EndGlobalSection
	GlobalSection(ExtensibilityGlobals) = postSolution
		SolutionGuid = {1CD2971A-282C-4A0F-9B0D-D85FF6BDB4A0}
	EndGlobalSection
EndGlobal
