
Microsoft Visual Studio Solution File, Format Version 12.00
# Visual Studio Version 16
VisualStudioVersion = 16.0.31729.503
MinimumVisualStudioVersion = 10.0.40219.1
Project("{F184B08F-C81C-45F6-A57F-5ABD9991F28F}") = "CNetworkOperation", "CNetworkOperation\CNetworkOperation.vbproj", "{D62DE73D-B36C-46F0-9CF9-19727B669E50}"
EndProject
Global
	GlobalSection(SolutionConfigurationPlatforms) = preSolution
		Debug|Any CPU = Debug|Any CPU
		Release|Any CPU = Release|Any CPU
	EndGlobalSection
	GlobalSection(ProjectConfigurationPlatforms) = postSolution
		{D62DE73D-B36C-46F0-9CF9-19727B669E50}.Debug|Any CPU.ActiveCfg = Debug|Any CPU
		{D62DE73D-B36C-46F0-9CF9-19727B669E50}.Debug|Any CPU.Build.0 = Debug|Any CPU
		{D62DE73D-B36C-46F0-9CF9-19727B669E50}.Release|Any CPU.ActiveCfg = Release|Any CPU
		{D62DE73D-B36C-46F0-9CF9-19727B669E50}.Release|Any CPU.Build.0 = Release|Any CPU
	EndGlobalSection
	GlobalSection(SolutionProperties) = preSolution
		HideSolutionNode = FALSE
	EndGlobalSection
	GlobalSection(ExtensibilityGlobals) = postSolution
		SolutionGuid = {09538824-1939-403A-A966-F9E7AD3652E3}
	EndGlobalSection
EndGlobal
